// !$*UTF8*$!
{
	archiveVersion = 1;
	classes = {
	};
	objectVersion = 46;
	objects = {

/* Begin PBXBuildFile section */
		3842E7891F6565230095E4F2 /* NEOWalletsTableViewController.swift in Sources */ = {isa = PBXBuildFile; fileRef = 3842E7881F6565230095E4F2 /* NEOWalletsTableViewController.swift */; };
		3842E78D1F65699B0095E4F2 /* NEOWalletsTableViewCell.swift in Sources */ = {isa = PBXBuildFile; fileRef = 3842E78C1F65699B0095E4F2 /* NEOWalletsTableViewCell.swift */; };
		3842E7901F65729E0095E4F2 /* NEOWalletsManager.swift in Sources */ = {isa = PBXBuildFile; fileRef = 3842E78F1F65729E0095E4F2 /* NEOWalletsManager.swift */; };
		3842E7931F6574D70095E4F2 /* NEOAlertView.swift in Sources */ = {isa = PBXBuildFile; fileRef = 3842E7921F6574D70095E4F2 /* NEOAlertView.swift */; };
		3842E7981F6594650095E4F2 /* Keychain.swift in Sources */ = {isa = PBXBuildFile; fileRef = 3842E7961F6591B20095E4F2 /* Keychain.swift */; };
		3842E79B1F65B0790095E4F2 /* SAccount.swift in Sources */ = {isa = PBXBuildFile; fileRef = 3842E79A1F65B0790095E4F2 /* SAccount.swift */; };
		38627D6F1F65040800B357D1 /* AppDelegate.swift in Sources */ = {isa = PBXBuildFile; fileRef = 38627D6E1F65040800B357D1 /* AppDelegate.swift */; };
		38627D741F65040800B357D1 /* Main.storyboard in Resources */ = {isa = PBXBuildFile; fileRef = 38627D721F65040800B357D1 /* Main.storyboard */; };
		38627D761F65040800B357D1 /* Assets.xcassets in Resources */ = {isa = PBXBuildFile; fileRef = 38627D751F65040800B357D1 /* Assets.xcassets */; };
		38627D791F65040800B357D1 /* LaunchScreen.storyboard in Resources */ = {isa = PBXBuildFile; fileRef = 38627D771F65040800B357D1 /* LaunchScreen.storyboard */; };
		38627D841F65040800B357D1 /* iOS_NEOTests.swift in Sources */ = {isa = PBXBuildFile; fileRef = 38627D831F65040800B357D1 /* iOS_NEOTests.swift */; };
		38627D8F1F65040800B357D1 /* iOS_NEOUITests.swift in Sources */ = {isa = PBXBuildFile; fileRef = 38627D8E1F65040800B357D1 /* iOS_NEOUITests.swift */; };
		38649AA41F65096C004223D7 /* CryptoSwift.framework in Resources */ = {isa = PBXBuildFile; fileRef = 38649A9B1F6506F8004223D7 /* CryptoSwift.framework */; };
		38649AA51F65096C004223D7 /* SwiftBaseX.framework in Resources */ = {isa = PBXBuildFile; fileRef = 38649A9C1F6506F8004223D7 /* SwiftBaseX.framework */; };
		38649AA71F650999004223D7 /* CryptoSwift.framework in Embed Frameworks */ = {isa = PBXBuildFile; fileRef = 38649A9B1F6506F8004223D7 /* CryptoSwift.framework */; settings = {ATTRIBUTES = (CodeSignOnCopy, RemoveHeadersOnCopy, ); }; };
		38649AA91F650999004223D7 /* SwiftBaseX.framework in Embed Frameworks */ = {isa = PBXBuildFile; fileRef = 38649A9C1F6506F8004223D7 /* SwiftBaseX.framework */; settings = {ATTRIBUTES = (CodeSignOnCopy, RemoveHeadersOnCopy, ); }; };
		38649AAB1F650999004223D7 /* NeoSwift.framework in Embed Frameworks */ = {isa = PBXBuildFile; fileRef = 38627DA21F65066F00B357D1 /* NeoSwift.framework */; settings = {ATTRIBUTES = (CodeSignOnCopy, RemoveHeadersOnCopy, ); }; };
		38649AB01F653327004223D7 /* NEOMainPageTableViewController.swift in Sources */ = {isa = PBXBuildFile; fileRef = 38649AAF1F653327004223D7 /* NEOMainPageTableViewController.swift */; };
		38649AB21F653560004223D7 /* NEONavigationController.swift in Sources */ = {isa = PBXBuildFile; fileRef = 38649AB11F653560004223D7 /* NEONavigationController.swift */; };
/* End PBXBuildFile section */

/* Begin PBXContainerItemProxy section */
		38627D801F65040800B357D1 /* PBXContainerItemProxy */ = {
			isa = PBXContainerItemProxy;
			containerPortal = 38627D631F65040800B357D1 /* Project object */;
			proxyType = 1;
			remoteGlobalIDString = 38627D6A1F65040800B357D1;
			remoteInfo = "iOS-NEO";
		};
		38627D8B1F65040800B357D1 /* PBXContainerItemProxy */ = {
			isa = PBXContainerItemProxy;
			containerPortal = 38627D631F65040800B357D1 /* Project object */;
			proxyType = 1;
			remoteGlobalIDString = 38627D6A1F65040800B357D1;
			remoteInfo = "iOS-NEO";
		};
		38627DA11F65066F00B357D1 /* PBXContainerItemProxy */ = {
			isa = PBXContainerItemProxy;
			containerPortal = 38627D9C1F65066F00B357D1 /* NeoSwift.xcodeproj */;
			proxyType = 2;
			remoteGlobalIDString = 75CDAE091F47F90800B05C51;
			remoteInfo = NeoSwift;
		};
		38627DA31F65066F00B357D1 /* PBXContainerItemProxy */ = {
			isa = PBXContainerItemProxy;
			containerPortal = 38627D9C1F65066F00B357D1 /* NeoSwift.xcodeproj */;
			proxyType = 2;
			remoteGlobalIDString = 75CDAE251F48680500B05C51;
			remoteInfo = NeoSwiftTests;
		};
		38649AAC1F650999004223D7 /* PBXContainerItemProxy */ = {
			isa = PBXContainerItemProxy;
			containerPortal = 38627D9C1F65066F00B357D1 /* NeoSwift.xcodeproj */;
			proxyType = 1;
			remoteGlobalIDString = 75CDAE081F47F90800B05C51;
			remoteInfo = NeoSwift;
		};
/* End PBXContainerItemProxy section */

/* Begin PBXCopyFilesBuildPhase section */
		38649AAE1F65099A004223D7 /* Embed Frameworks */ = {
			isa = PBXCopyFilesBuildPhase;
			buildActionMask = 2147483647;
			dstPath = "";
			dstSubfolderSpec = 10;
			files = (
				38649AAB1F650999004223D7 /* NeoSwift.framework in Embed Frameworks */,
				38649AA91F650999004223D7 /* SwiftBaseX.framework in Embed Frameworks */,
				38649AA71F650999004223D7 /* CryptoSwift.framework in Embed Frameworks */,
			);
			name = "Embed Frameworks";
			runOnlyForDeploymentPostprocessing = 0;
		};
/* End PBXCopyFilesBuildPhase section */

/* Begin PBXFileReference section */
		3842E7881F6565230095E4F2 /* NEOWalletsTableViewController.swift */ = {isa = PBXFileReference; lastKnownFileType = sourcecode.swift; path = NEOWalletsTableViewController.swift; sourceTree = "<group>"; };
		3842E78C1F65699B0095E4F2 /* NEOWalletsTableViewCell.swift */ = {isa = PBXFileReference; lastKnownFileType = sourcecode.swift; path = NEOWalletsTableViewCell.swift; sourceTree = "<group>"; };
		3842E78F1F65729E0095E4F2 /* NEOWalletsManager.swift */ = {isa = PBXFileReference; lastKnownFileType = sourcecode.swift; path = NEOWalletsManager.swift; sourceTree = "<group>"; };
		3842E7921F6574D70095E4F2 /* NEOAlertView.swift */ = {isa = PBXFileReference; lastKnownFileType = sourcecode.swift; path = NEOAlertView.swift; sourceTree = "<group>"; };
		3842E7961F6591B20095E4F2 /* Keychain.swift */ = {isa = PBXFileReference; lastKnownFileType = sourcecode.swift; path = Keychain.swift; sourceTree = "<group>"; };
		3842E7991F659A960095E4F2 /* iOS-NEO.entitlements */ = {isa = PBXFileReference; lastKnownFileType = text.plist.entitlements; path = "iOS-NEO.entitlements"; sourceTree = "<group>"; };
		3842E79A1F65B0790095E4F2 /* SAccount.swift */ = {isa = PBXFileReference; lastKnownFileType = sourcecode.swift; path = SAccount.swift; sourceTree = "<group>"; };
		38627D6B1F65040800B357D1 /* iOS-NEO.app */ = {isa = PBXFileReference; explicitFileType = wrapper.application; includeInIndex = 0; path = "iOS-NEO.app"; sourceTree = BUILT_PRODUCTS_DIR; };
		38627D6E1F65040800B357D1 /* AppDelegate.swift */ = {isa = PBXFileReference; lastKnownFileType = sourcecode.swift; path = AppDelegate.swift; sourceTree = "<group>"; };
		38627D731F65040800B357D1 /* Base */ = {isa = PBXFileReference; lastKnownFileType = file.storyboard; name = Base; path = Base.lproj/Main.storyboard; sourceTree = "<group>"; };
		38627D751F65040800B357D1 /* Assets.xcassets */ = {isa = PBXFileReference; lastKnownFileType = folder.assetcatalog; path = Assets.xcassets; sourceTree = "<group>"; };
		38627D781F65040800B357D1 /* Base */ = {isa = PBXFileReference; lastKnownFileType = file.storyboard; name = Base; path = Base.lproj/LaunchScreen.storyboard; sourceTree = "<group>"; };
		38627D7A1F65040800B357D1 /* Info.plist */ = {isa = PBXFileReference; lastKnownFileType = text.plist.xml; path = Info.plist; sourceTree = "<group>"; };
		38627D7F1F65040800B357D1 /* iOS-NEOTests.xctest */ = {isa = PBXFileReference; explicitFileType = wrapper.cfbundle; includeInIndex = 0; path = "iOS-NEOTests.xctest"; sourceTree = BUILT_PRODUCTS_DIR; };
		38627D831F65040800B357D1 /* iOS_NEOTests.swift */ = {isa = PBXFileReference; lastKnownFileType = sourcecode.swift; path = iOS_NEOTests.swift; sourceTree = "<group>"; };
		38627D851F65040800B357D1 /* Info.plist */ = {isa = PBXFileReference; lastKnownFileType = text.plist.xml; path = Info.plist; sourceTree = "<group>"; };
		38627D8A1F65040800B357D1 /* iOS-NEOUITests.xctest */ = {isa = PBXFileReference; explicitFileType = wrapper.cfbundle; includeInIndex = 0; path = "iOS-NEOUITests.xctest"; sourceTree = BUILT_PRODUCTS_DIR; };
		38627D8E1F65040800B357D1 /* iOS_NEOUITests.swift */ = {isa = PBXFileReference; lastKnownFileType = sourcecode.swift; path = iOS_NEOUITests.swift; sourceTree = "<group>"; };
		38627D901F65040800B357D1 /* Info.plist */ = {isa = PBXFileReference; lastKnownFileType = text.plist.xml; path = Info.plist; sourceTree = "<group>"; };
		38627D9C1F65066F00B357D1 /* NeoSwift.xcodeproj */ = {isa = PBXFileReference; lastKnownFileType = "wrapper.pb-project"; name = NeoSwift.xcodeproj; path = "neo-swift-master/NeoSwift.xcodeproj"; sourceTree = "<group>"; };
		38649A9B1F6506F8004223D7 /* CryptoSwift.framework */ = {isa = PBXFileReference; explicitFileType = wrapper.framework; path = CryptoSwift.framework; sourceTree = BUILT_PRODUCTS_DIR; };
		38649A9C1F6506F8004223D7 /* SwiftBaseX.framework */ = {isa = PBXFileReference; explicitFileType = wrapper.framework; path = SwiftBaseX.framework; sourceTree = BUILT_PRODUCTS_DIR; };
		38649AAF1F653327004223D7 /* NEOMainPageTableViewController.swift */ = {isa = PBXFileReference; lastKnownFileType = sourcecode.swift; path = NEOMainPageTableViewController.swift; sourceTree = "<group>"; };
		38649AB11F653560004223D7 /* NEONavigationController.swift */ = {isa = PBXFileReference; lastKnownFileType = sourcecode.swift; path = NEONavigationController.swift; sourceTree = "<group>"; };
/* End PBXFileReference section */

/* Begin PBXFrameworksBuildPhase section */
		38627D681F65040800B357D1 /* Frameworks */ = {
			isa = PBXFrameworksBuildPhase;
			buildActionMask = 2147483647;
			files = (
			);
			runOnlyForDeploymentPostprocessing = 0;
		};
		38627D7C1F65040800B357D1 /* Frameworks */ = {
			isa = PBXFrameworksBuildPhase;
			buildActionMask = 2147483647;
			files = (
			);
			runOnlyForDeploymentPostprocessing = 0;
		};
		38627D871F65040800B357D1 /* Frameworks */ = {
			isa = PBXFrameworksBuildPhase;
			buildActionMask = 2147483647;
			files = (
			);
			runOnlyForDeploymentPostprocessing = 0;
		};
/* End PBXFrameworksBuildPhase section */

/* Begin PBXGroup section */
		3842E78B1F65697A0095E4F2 /* NEOWallets */ = {
			isa = PBXGroup;
			children = (
				3842E7881F6565230095E4F2 /* NEOWalletsTableViewController.swift */,
				3842E78C1F65699B0095E4F2 /* NEOWalletsTableViewCell.swift */,
			);
			path = NEOWallets;
			sourceTree = "<group>";
		};
		3842E78E1F65727C0095E4F2 /* NEOManagers */ = {
			isa = PBXGroup;
			children = (
				3842E78F1F65729E0095E4F2 /* NEOWalletsManager.swift */,
				3842E79A1F65B0790095E4F2 /* SAccount.swift */,
			);
			path = NEOManagers;
			sourceTree = "<group>";
		};
		3842E7911F6574BF0095E4F2 /* units */ = {
			isa = PBXGroup;
			children = (
				3842E7921F6574D70095E4F2 /* NEOAlertView.swift */,
			);
			path = units;
			sourceTree = "<group>";
		};
		3842E7941F6591B20095E4F2 /* KeychainAccess */ = {
			isa = PBXGroup;
			children = (
				3842E7961F6591B20095E4F2 /* Keychain.swift */,
			);
			path = KeychainAccess;
			sourceTree = "<group>";
		};
		38627D621F65040800B357D1 = {
			isa = PBXGroup;
			children = (
				38627D9C1F65066F00B357D1 /* NeoSwift.xcodeproj */,
				38627D6D1F65040800B357D1 /* iOS-NEO */,
				38627D821F65040800B357D1 /* iOS-NEOTests */,
				38627D8D1F65040800B357D1 /* iOS-NEOUITests */,
				38627D6C1F65040800B357D1 /* Products */,
				38649A981F6506F8004223D7 /* Frameworks */,
			);
			sourceTree = "<group>";
		};
		38627D6C1F65040800B357D1 /* Products */ = {
			isa = PBXGroup;
			children = (
				38627D6B1F65040800B357D1 /* iOS-NEO.app */,
				38627D7F1F65040800B357D1 /* iOS-NEOTests.xctest */,
				38627D8A1F65040800B357D1 /* iOS-NEOUITests.xctest */,
			);
			name = Products;
			sourceTree = "<group>";
		};
		38627D6D1F65040800B357D1 /* iOS-NEO */ = {
			isa = PBXGroup;
			children = (
				3842E7991F659A960095E4F2 /* iOS-NEO.entitlements */,
				3842E7941F6591B20095E4F2 /* KeychainAccess */,
				3842E7911F6574BF0095E4F2 /* units */,
				3842E78E1F65727C0095E4F2 /* NEOManagers */,
				3842E78B1F65697A0095E4F2 /* NEOWallets */,
				38627D6E1F65040800B357D1 /* AppDelegate.swift */,
				38627D721F65040800B357D1 /* Main.storyboard */,
				38627D751F65040800B357D1 /* Assets.xcassets */,
				38627D771F65040800B357D1 /* LaunchScreen.storyboard */,
				38627D7A1F65040800B357D1 /* Info.plist */,
				38649AAF1F653327004223D7 /* NEOMainPageTableViewController.swift */,
				38649AB11F653560004223D7 /* NEONavigationController.swift */,
			);
			path = "iOS-NEO";
			sourceTree = "<group>";
		};
		38627D821F65040800B357D1 /* iOS-NEOTests */ = {
			isa = PBXGroup;
			children = (
				38627D831F65040800B357D1 /* iOS_NEOTests.swift */,
				38627D851F65040800B357D1 /* Info.plist */,
			);
			path = "iOS-NEOTests";
			sourceTree = "<group>";
		};
		38627D8D1F65040800B357D1 /* iOS-NEOUITests */ = {
			isa = PBXGroup;
			children = (
				38627D8E1F65040800B357D1 /* iOS_NEOUITests.swift */,
				38627D901F65040800B357D1 /* Info.plist */,
			);
			path = "iOS-NEOUITests";
			sourceTree = "<group>";
		};
		38627D9D1F65066F00B357D1 /* Products */ = {
			isa = PBXGroup;
			children = (
				38627DA21F65066F00B357D1 /* NeoSwift.framework */,
				38627DA41F65066F00B357D1 /* NeoSwiftTests.xctest */,
			);
			name = Products;
			sourceTree = "<group>";
		};
		38649A981F6506F8004223D7 /* Frameworks */ = {
			isa = PBXGroup;
			children = (
				38649A9B1F6506F8004223D7 /* CryptoSwift.framework */,
				38649A9C1F6506F8004223D7 /* SwiftBaseX.framework */,
			);
			name = Frameworks;
			sourceTree = "<group>";
		};
/* End PBXGroup section */

/* Begin PBXNativeTarget section */
		38627D6A1F65040800B357D1 /* iOS-NEO */ = {
			isa = PBXNativeTarget;
			buildConfigurationList = 38627D931F65040800B357D1 /* Build configuration list for PBXNativeTarget "iOS-NEO" */;
			buildPhases = (
				38627D671F65040800B357D1 /* Sources */,
				38627D681F65040800B357D1 /* Frameworks */,
				38627D691F65040800B357D1 /* Resources */,
				38649AAE1F65099A004223D7 /* Embed Frameworks */,
			);
			buildRules = (
			);
			dependencies = (
				38649AAD1F650999004223D7 /* PBXTargetDependency */,
			);
			name = "iOS-NEO";
			productName = "iOS-NEO";
			productReference = 38627D6B1F65040800B357D1 /* iOS-NEO.app */;
			productType = "com.apple.product-type.application";
		};
		38627D7E1F65040800B357D1 /* iOS-NEOTests */ = {
			isa = PBXNativeTarget;
			buildConfigurationList = 38627D961F65040800B357D1 /* Build configuration list for PBXNativeTarget "iOS-NEOTests" */;
			buildPhases = (
				38627D7B1F65040800B357D1 /* Sources */,
				38627D7C1F65040800B357D1 /* Frameworks */,
				38627D7D1F65040800B357D1 /* Resources */,
			);
			buildRules = (
			);
			dependencies = (
				38627D811F65040800B357D1 /* PBXTargetDependency */,
			);
			name = "iOS-NEOTests";
			productName = "iOS-NEOTests";
			productReference = 38627D7F1F65040800B357D1 /* iOS-NEOTests.xctest */;
			productType = "com.apple.product-type.bundle.unit-test";
		};
		38627D891F65040800B357D1 /* iOS-NEOUITests */ = {
			isa = PBXNativeTarget;
			buildConfigurationList = 38627D991F65040800B357D1 /* Build configuration list for PBXNativeTarget "iOS-NEOUITests" */;
			buildPhases = (
				38627D861F65040800B357D1 /* Sources */,
				38627D871F65040800B357D1 /* Frameworks */,
				38627D881F65040800B357D1 /* Resources */,
			);
			buildRules = (
			);
			dependencies = (
				38627D8C1F65040800B357D1 /* PBXTargetDependency */,
			);
			name = "iOS-NEOUITests";
			productName = "iOS-NEOUITests";
			productReference = 38627D8A1F65040800B357D1 /* iOS-NEOUITests.xctest */;
			productType = "com.apple.product-type.bundle.ui-testing";
		};
/* End PBXNativeTarget section */

/* Begin PBXProject section */
		38627D631F65040800B357D1 /* Project object */ = {
			isa = PBXProject;
			attributes = {
				LastSwiftUpdateCheck = 0830;
				LastUpgradeCheck = 0900;
				ORGANIZATIONNAME = afer;
				TargetAttributes = {
					38627D6A1F65040800B357D1 = {
						CreatedOnToolsVersion = 8.3.1;
						DevelopmentTeam = 4FGU9379L5;
						ProvisioningStyle = Automatic;
						SystemCapabilities = {
							com.apple.Keychain = {
								enabled = 1;
							};
						};
					};
					38627D7E1F65040800B357D1 = {
						CreatedOnToolsVersion = 8.3.1;
						DevelopmentTeam = 4FGU9379L5;
						ProvisioningStyle = Automatic;
						TestTargetID = 38627D6A1F65040800B357D1;
					};
					38627D891F65040800B357D1 = {
						CreatedOnToolsVersion = 8.3.1;
						DevelopmentTeam = 4FGU9379L5;
						ProvisioningStyle = Automatic;
						TestTargetID = 38627D6A1F65040800B357D1;
					};
				};
			};
			buildConfigurationList = 38627D661F65040800B357D1 /* Build configuration list for PBXProject "iOS-NEO" */;
			compatibilityVersion = "Xcode 3.2";
			developmentRegion = English;
			hasScannedForEncodings = 0;
			knownRegions = (
				en,
				Base,
			);
			mainGroup = 38627D621F65040800B357D1;
			productRefGroup = 38627D6C1F65040800B357D1 /* Products */;
			projectDirPath = "";
			projectReferences = (
				{
					ProductGroup = 38627D9D1F65066F00B357D1 /* Products */;
					ProjectRef = 38627D9C1F65066F00B357D1 /* NeoSwift.xcodeproj */;
				},
			);
			projectRoot = "";
			targets = (
				38627D6A1F65040800B357D1 /* iOS-NEO */,
				38627D7E1F65040800B357D1 /* iOS-NEOTests */,
				38627D891F65040800B357D1 /* iOS-NEOUITests */,
			);
		};
/* End PBXProject section */

/* Begin PBXReferenceProxy section */
		38627DA21F65066F00B357D1 /* NeoSwift.framework */ = {
			isa = PBXReferenceProxy;
			fileType = wrapper.framework;
			path = NeoSwift.framework;
			remoteRef = 38627DA11F65066F00B357D1 /* PBXContainerItemProxy */;
			sourceTree = BUILT_PRODUCTS_DIR;
		};
		38627DA41F65066F00B357D1 /* NeoSwiftTests.xctest */ = {
			isa = PBXReferenceProxy;
			fileType = wrapper.cfbundle;
			path = NeoSwiftTests.xctest;
			remoteRef = 38627DA31F65066F00B357D1 /* PBXContainerItemProxy */;
			sourceTree = BUILT_PRODUCTS_DIR;
		};
/* End PBXReferenceProxy section */

/* Begin PBXResourcesBuildPhase section */
		38627D691F65040800B357D1 /* Resources */ = {
			isa = PBXResourcesBuildPhase;
			buildActionMask = 2147483647;
			files = (
				38649AA41F65096C004223D7 /* CryptoSwift.framework in Resources */,
				38649AA51F65096C004223D7 /* SwiftBaseX.framework in Resources */,
				38627D791F65040800B357D1 /* LaunchScreen.storyboard in Resources */,
				38627D761F65040800B357D1 /* Assets.xcassets in Resources */,
				38627D741F65040800B357D1 /* Main.storyboard in Resources */,
			);
			runOnlyForDeploymentPostprocessing = 0;
		};
		38627D7D1F65040800B357D1 /* Resources */ = {
			isa = PBXResourcesBuildPhase;
			buildActionMask = 2147483647;
			files = (
			);
			runOnlyForDeploymentPostprocessing = 0;
		};
		38627D881F65040800B357D1 /* Resources */ = {
			isa = PBXResourcesBuildPhase;
			buildActionMask = 2147483647;
			files = (
			);
			runOnlyForDeploymentPostprocessing = 0;
		};
/* End PBXResourcesBuildPhase section */

/* Begin PBXSourcesBuildPhase section */
		38627D671F65040800B357D1 /* Sources */ = {
			isa = PBXSourcesBuildPhase;
			buildActionMask = 2147483647;
			files = (
				3842E7981F6594650095E4F2 /* Keychain.swift in Sources */,
				38649AB01F653327004223D7 /* NEOMainPageTableViewController.swift in Sources */,
				38627D6F1F65040800B357D1 /* AppDelegate.swift in Sources */,
				38649AB21F653560004223D7 /* NEONavigationController.swift in Sources */,
				3842E78D1F65699B0095E4F2 /* NEOWalletsTableViewCell.swift in Sources */,
				3842E7891F6565230095E4F2 /* NEOWalletsTableViewController.swift in Sources */,
				3842E7931F6574D70095E4F2 /* NEOAlertView.swift in Sources */,
				3842E7901F65729E0095E4F2 /* NEOWalletsManager.swift in Sources */,
				3842E79B1F65B0790095E4F2 /* SAccount.swift in Sources */,
			);
			runOnlyForDeploymentPostprocessing = 0;
		};
		38627D7B1F65040800B357D1 /* Sources */ = {
			isa = PBXSourcesBuildPhase;
			buildActionMask = 2147483647;
			files = (
				38627D841F65040800B357D1 /* iOS_NEOTests.swift in Sources */,
			);
			runOnlyForDeploymentPostprocessing = 0;
		};
		38627D861F65040800B357D1 /* Sources */ = {
			isa = PBXSourcesBuildPhase;
			buildActionMask = 2147483647;
			files = (
				38627D8F1F65040800B357D1 /* iOS_NEOUITests.swift in Sources */,
			);
			runOnlyForDeploymentPostprocessing = 0;
		};
/* End PBXSourcesBuildPhase section */

/* Begin PBXTargetDependency section */
		38627D811F65040800B357D1 /* PBXTargetDependency */ = {
			isa = PBXTargetDependency;
			target = 38627D6A1F65040800B357D1 /* iOS-NEO */;
			targetProxy = 38627D801F65040800B357D1 /* PBXContainerItemProxy */;
		};
		38627D8C1F65040800B357D1 /* PBXTargetDependency */ = {
			isa = PBXTargetDependency;
			target = 38627D6A1F65040800B357D1 /* iOS-NEO */;
			targetProxy = 38627D8B1F65040800B357D1 /* PBXContainerItemProxy */;
		};
		38649AAD1F650999004223D7 /* PBXTargetDependency */ = {
			isa = PBXTargetDependency;
			name = NeoSwift;
			targetProxy = 38649AAC1F650999004223D7 /* PBXContainerItemProxy */;
		};
/* End PBXTargetDependency section */

/* Begin PBXVariantGroup section */
		38627D721F65040800B357D1 /* Main.storyboard */ = {
			isa = PBXVariantGroup;
			children = (
				38627D731F65040800B357D1 /* Base */,
			);
			name = Main.storyboard;
			sourceTree = "<group>";
		};
		38627D771F65040800B357D1 /* LaunchScreen.storyboard */ = {
			isa = PBXVariantGroup;
			children = (
				38627D781F65040800B357D1 /* Base */,
			);
			name = LaunchScreen.storyboard;
			sourceTree = "<group>";
		};
/* End PBXVariantGroup section */

/* Begin XCBuildConfiguration section */
		38627D911F65040800B357D1 /* Debug */ = {
			isa = XCBuildConfiguration;
			buildSettings = {
				ALWAYS_SEARCH_USER_PATHS = NO;
				CLANG_ANALYZER_NONNULL = YES;
				CLANG_ANALYZER_NUMBER_OBJECT_CONVERSION = YES_AGGRESSIVE;
				CLANG_CXX_LANGUAGE_STANDARD = "gnu++0x";
				CLANG_CXX_LIBRARY = "libc++";
				CLANG_ENABLE_MODULES = YES;
				CLANG_ENABLE_OBJC_ARC = YES;
				CLANG_WARN_BLOCK_CAPTURE_AUTORELEASING = YES;
				CLANG_WARN_BOOL_CONVERSION = YES;
				CLANG_WARN_COMMA = YES;
				CLANG_WARN_CONSTANT_CONVERSION = YES;
				CLANG_WARN_DIRECT_OBJC_ISA_USAGE = YES_ERROR;
				CLANG_WARN_DOCUMENTATION_COMMENTS = YES;
				CLANG_WARN_EMPTY_BODY = YES;
				CLANG_WARN_ENUM_CONVERSION = YES;
				CLANG_WARN_INFINITE_RECURSION = YES;
				CLANG_WARN_INT_CONVERSION = YES;
				CLANG_WARN_NON_LITERAL_NULL_CONVERSION = YES;
				CLANG_WARN_OBJC_LITERAL_CONVERSION = YES;
				CLANG_WARN_OBJC_ROOT_CLASS = YES_ERROR;
				CLANG_WARN_RANGE_LOOP_ANALYSIS = YES;
				CLANG_WARN_STRICT_PROTOTYPES = YES;
				CLANG_WARN_SUSPICIOUS_MOVE = YES;
				CLANG_WARN_UNREACHABLE_CODE = YES;
				CLANG_WARN__DUPLICATE_METHOD_MATCH = YES;
				"CODE_SIGN_IDENTITY[sdk=iphoneos*]" = "iPhone Developer";
				COPY_PHASE_STRIP = NO;
				DEBUG_INFORMATION_FORMAT = dwarf;
				ENABLE_STRICT_OBJC_MSGSEND = YES;
				ENABLE_TESTABILITY = YES;
				GCC_C_LANGUAGE_STANDARD = gnu99;
				GCC_DYNAMIC_NO_PIC = NO;
				GCC_NO_COMMON_BLOCKS = YES;
				GCC_OPTIMIZATION_LEVEL = 0;
				GCC_PREPROCESSOR_DEFINITIONS = (
					"DEBUG=1",
					"$(inherited)",
				);
				GCC_WARN_64_TO_32_BIT_CONVERSION = YES;
				GCC_WARN_ABOUT_RETURN_TYPE = YES_ERROR;
				GCC_WARN_UNDECLARED_SELECTOR = YES;
				GCC_WARN_UNINITIALIZED_AUTOS = YES_AGGRESSIVE;
				GCC_WARN_UNUSED_FUNCTION = YES;
				GCC_WARN_UNUSED_VARIABLE = YES;
				IPHONEOS_DEPLOYMENT_TARGET = 10.3;
				MTL_ENABLE_DEBUG_INFO = YES;
				ONLY_ACTIVE_ARCH = YES;
				SDKROOT = iphoneos;
				SWIFT_ACTIVE_COMPILATION_CONDITIONS = DEBUG;
				SWIFT_OPTIMIZATION_LEVEL = "-Onone";
				TARGETED_DEVICE_FAMILY = "1,2";
			};
			name = Debug;
		};
		38627D921F65040800B357D1 /* Release */ = {
			isa = XCBuildConfiguration;
			buildSettings = {
				ALWAYS_SEARCH_USER_PATHS = NO;
				CLANG_ANALYZER_NONNULL = YES;
				CLANG_ANALYZER_NUMBER_OBJECT_CONVERSION = YES_AGGRESSIVE;
				CLANG_CXX_LANGUAGE_STANDARD = "gnu++0x";
				CLANG_CXX_LIBRARY = "libc++";
				CLANG_ENABLE_MODULES = YES;
				CLANG_ENABLE_OBJC_ARC = YES;
				CLANG_WARN_BLOCK_CAPTURE_AUTORELEASING = YES;
				CLANG_WARN_BOOL_CONVERSION = YES;
				CLANG_WARN_COMMA = YES;
				CLANG_WARN_CONSTANT_CONVERSION = YES;
				CLANG_WARN_DIRECT_OBJC_ISA_USAGE = YES_ERROR;
				CLANG_WARN_DOCUMENTATION_COMMENTS = YES;
				CLANG_WARN_EMPTY_BODY = YES;
				CLANG_WARN_ENUM_CONVERSION = YES;
				CLANG_WARN_INFINITE_RECURSION = YES;
				CLANG_WARN_INT_CONVERSION = YES;
				CLANG_WARN_NON_LITERAL_NULL_CONVERSION = YES;
				CLANG_WARN_OBJC_LITERAL_CONVERSION = YES;
				CLANG_WARN_OBJC_ROOT_CLASS = YES_ERROR;
				CLANG_WARN_RANGE_LOOP_ANALYSIS = YES;
				CLANG_WARN_STRICT_PROTOTYPES = YES;
				CLANG_WARN_SUSPICIOUS_MOVE = YES;
				CLANG_WARN_UNREACHABLE_CODE = YES;
				CLANG_WARN__DUPLICATE_METHOD_MATCH = YES;
				"CODE_SIGN_IDENTITY[sdk=iphoneos*]" = "iPhone Developer";
				COPY_PHASE_STRIP = NO;
				DEBUG_INFORMATION_FORMAT = "dwarf-with-dsym";
				ENABLE_NS_ASSERTIONS = NO;
				ENABLE_STRICT_OBJC_MSGSEND = YES;
				GCC_C_LANGUAGE_STANDARD = gnu99;
				GCC_NO_COMMON_BLOCKS = YES;
				GCC_WARN_64_TO_32_BIT_CONVERSION = YES;
				GCC_WARN_ABOUT_RETURN_TYPE = YES_ERROR;
				GCC_WARN_UNDECLARED_SELECTOR = YES;
				GCC_WARN_UNINITIALIZED_AUTOS = YES_AGGRESSIVE;
				GCC_WARN_UNUSED_FUNCTION = YES;
				GCC_WARN_UNUSED_VARIABLE = YES;
				IPHONEOS_DEPLOYMENT_TARGET = 10.3;
				MTL_ENABLE_DEBUG_INFO = NO;
				SDKROOT = iphoneos;
				SWIFT_OPTIMIZATION_LEVEL = "-Owholemodule";
				TARGETED_DEVICE_FAMILY = "1,2";
				VALIDATE_PRODUCT = YES;
			};
			name = Release;
		};
		38627D941F65040800B357D1 /* Debug */ = {
			isa = XCBuildConfiguration;
			buildSettings = {
				ALWAYS_EMBED_SWIFT_STANDARD_LIBRARIES = YES;
				ASSETCATALOG_COMPILER_APPICON_NAME = AppIcon;
				CODE_SIGN_ENTITLEMENTS = "iOS-NEO/iOS-NEO.entitlements";
				DEVELOPMENT_TEAM = 4FGU9379L5;
				ENABLE_BITCODE = NO;
				INFOPLIST_FILE = "iOS-NEO/Info.plist";
				IPHONEOS_DEPLOYMENT_TARGET = 11.0;
				LD_RUNPATH_SEARCH_PATHS = "$(inherited) @executable_path/Frameworks";
				PRODUCT_BUNDLE_IDENTIFIER = "-88.iOS-NEO";
				PRODUCT_NAME = "$(TARGET_NAME)";
				SWIFT_VERSION = 3.0;
			};
			name = Debug;
		};
		38627D951F65040800B357D1 /* Release */ = {
			isa = XCBuildConfiguration;
			buildSettings = {
				ALWAYS_EMBED_SWIFT_STANDARD_LIBRARIES = YES;
				ASSETCATALOG_COMPILER_APPICON_NAME = AppIcon;
				CODE_SIGN_ENTITLEMENTS = "iOS-NEO/iOS-NEO.entitlements";
				DEVELOPMENT_TEAM = 4FGU9379L5;
				ENABLE_BITCODE = NO;
				INFOPLIST_FILE = "iOS-NEO/Info.plist";
				IPHONEOS_DEPLOYMENT_TARGET = 11.0;
				LD_RUNPATH_SEARCH_PATHS = "$(inherited) @executable_path/Frameworks";
				PRODUCT_BUNDLE_IDENTIFIER = "-88.iOS-NEO";
				PRODUCT_NAME = "$(TARGET_NAME)";
				SWIFT_VERSION = 3.0;
			};
			name = Release;
		};
		38627D971F65040800B357D1 /* Debug */ = {
			isa = XCBuildConfiguration;
			buildSettings = {
				ALWAYS_EMBED_SWIFT_STANDARD_LIBRARIES = YES;
				BUNDLE_LOADER = "$(TEST_HOST)";
				DEVELOPMENT_TEAM = 4FGU9379L5;
				INFOPLIST_FILE = "iOS-NEOTests/Info.plist";
				LD_RUNPATH_SEARCH_PATHS = "$(inherited) @executable_path/Frameworks @loader_path/Frameworks";
				PRODUCT_BUNDLE_IDENTIFIER = "-88.iOS-NEOTests";
				PRODUCT_NAME = "$(TARGET_NAME)";
				SWIFT_VERSION = 3.0;
				TEST_HOST = "$(BUILT_PRODUCTS_DIR)/iOS-NEO.app/iOS-NEO";
			};
			name = Debug;
		};
		38627D981F65040800B357D1 /* Release */ = {
			isa = XCBuildConfiguration;
			buildSettings = {
				ALWAYS_EMBED_SWIFT_STANDARD_LIBRARIES = YES;
				BUNDLE_LOADER = "$(TEST_HOST)";
				DEVELOPMENT_TEAM = 4FGU9379L5;
				INFOPLIST_FILE = "iOS-NEOTests/Info.plist";
				LD_RUNPATH_SEARCH_PATHS = "$(inherited) @executable_path/Frameworks @loader_path/Frameworks";
				PRODUCT_BUNDLE_IDENTIFIER = "-88.iOS-NEOTests";
				PRODUCT_NAME = "$(TARGET_NAME)";
				SWIFT_VERSION = 3.0;
				TEST_HOST = "$(BUILT_PRODUCTS_DIR)/iOS-NEO.app/iOS-NEO";
			};
			name = Release;
		};
		38627D9A1F65040800B357D1 /* Debug */ = {
			isa = XCBuildConfiguration;
			buildSettings = {
				ALWAYS_EMBED_SWIFT_STANDARD_LIBRARIES = YES;
				DEVELOPMENT_TEAM = 4FGU9379L5;
				INFOPLIST_FILE = "iOS-NEOUITests/Info.plist";
				LD_RUNPATH_SEARCH_PATHS = "$(inherited) @executable_path/Frameworks @loader_path/Frameworks";
				PRODUCT_BUNDLE_IDENTIFIER = "-88.iOS-NEOUITests";
				PRODUCT_NAME = "$(TARGET_NAME)";
				SWIFT_VERSION = 3.0;
				TEST_TARGET_NAME = "iOS-NEO";
			};
			name = Debug;
		};
		38627D9B1F65040800B357D1 /* Release */ = {
			isa = XCBuildConfiguration;
			buildSettings = {
				ALWAYS_EMBED_SWIFT_STANDARD_LIBRARIES = YES;
				DEVELOPMENT_TEAM = 4FGU9379L5;
				INFOPLIST_FILE = "iOS-NEOUITests/Info.plist";
				LD_RUNPATH_SEARCH_PATHS = "$(inherited) @executable_path/Frameworks @loader_path/Frameworks";
				PRODUCT_BUNDLE_IDENTIFIER = "-88.iOS-NEOUITests";
				PRODUCT_NAME = "$(TARGET_NAME)";
				SWIFT_VERSION = 3.0;
				TEST_TARGET_NAME = "iOS-NEO";
			};
			name = Release;
		};
/* End XCBuildConfiguration section */

/* Begin XCConfigurationList section */
		38627D661F65040800B357D1 /* Build configuration list for PBXProject "iOS-NEO" */ = {
			isa = XCConfigurationList;
			buildConfigurations = (
				38627D911F65040800B357D1 /* Debug */,
				38627D921F65040800B357D1 /* Release */,
			);
			defaultConfigurationIsVisible = 0;
			defaultConfigurationName = Release;
		};
		38627D931F65040800B357D1 /* Build configuration list for PBXNativeTarget "iOS-NEO" */ = {
			isa = XCConfigurationList;
			buildConfigurations = (
				38627D941F65040800B357D1 /* Debug */,
				38627D951F65040800B357D1 /* Release */,
			);
			defaultConfigurationIsVisible = 0;
			defaultConfigurationName = Release;
		};
		38627D961F65040800B357D1 /* Build configuration list for PBXNativeTarget "iOS-NEOTests" */ = {
			isa = XCConfigurationList;
			buildConfigurations = (
				38627D971F65040800B357D1 /* Debug */,
				38627D981F65040800B357D1 /* Release */,
			);
			defaultConfigurationIsVisible = 0;
			defaultConfigurationName = Release;
		};
		38627D991F65040800B357D1 /* Build configuration list for PBXNativeTarget "iOS-NEOUITests" */ = {
			isa = XCConfigurationList;
			buildConfigurations = (
				38627D9A1F65040800B357D1 /* Debug */,
				38627D9B1F65040800B357D1 /* Release */,
			);
			defaultConfigurationIsVisible = 0;
			defaultConfigurationName = Release;
		};
/* End XCConfigurationList section */
	};
	rootObject = 38627D631F65040800B357D1 /* Project object */;
}
